
Microsoft Visual Studio Solution File, Format Version 12.00
# Visual Studio Version 17
VisualStudioVersion = 17.5.002.0
MinimumVisualStudioVersion = 10.0.40219.1
Project("{9A19103F-16F7-4668-BE54-9A1E7A4F7556}") = "aws_dotnet", "server\aws_dotnet.csproj", "{473A896D-CFD3-4912-9EB9-64494CCD1D31}"
EndProject
Global
	GlobalSection(SolutionConfigurationPlatforms) = preSolution
		Debug|Any CPU = Debug|Any CPU
		Release|Any CPU = Release|Any CPU
	EndGlobalSection
	GlobalSection(ProjectConfigurationPlatforms) = postSolution
		{473A896D-CFD3-4912-9EB9-64494CCD1D31}.Debug|Any CPU.ActiveCfg = Debug|Any CPU
		{473A896D-CFD3-4912-9EB9-64494CCD1D31}.Debug|Any CPU.Build.0 = Debug|Any CPU
		{473A896D-CFD3-4912-9EB9-64494CCD1D31}.Release|Any CPU.ActiveCfg = Release|Any CPU
		{473A896D-CFD3-4912-9EB9-64494CCD1D31}.Release|Any CPU.Build.0 = Release|Any CPU
	EndGlobalSection
	GlobalSection(SolutionProperties) = preSolution
		HideSolutionNode = FALSE
	EndGlobalSection
	GlobalSection(ExtensibilityGlobals) = postSolution
		SolutionGuid = {0BCB2DBA-DA41-49C8-89E9-9DA801080CA1}
	EndGlobalSection
EndGlobal
